
Microsoft Visual Studio Solution File, Format Version 12.00
# Visual Studio 15
VisualStudioVersion = 15.0.27004.2009
MinimumVisualStudioVersion = 10.0.40219.1
Project("{FAE04EC0-301F-11D3-BF4B-00C04F79EFBC}") = "RPGame", "RPGame\RPGame.csproj", "{FD63020C-92D9-4F64-95C8-284D4B2D3DCF}"
EndProject
Project("{FAE04EC0-301F-11D3-BF4B-00C04F79EFBC}") = "Engine", "Engine\Engine.csproj", "{C972C93B-78CD-4328-9703-125629FA3BEF}"
EndProject
Global
	GlobalSection(SolutionConfigurationPlatforms) = preSolution
		Debug|Any CPU = Debug|Any CPU
		Release|Any CPU = Release|Any CPU
	EndGlobalSection
	GlobalSection(ProjectConfigurationPlatforms) = postSolution
		{FD63020C-92D9-4F64-95C8-284D4B2D3DCF}.Debug|Any CPU.ActiveCfg = Debug|Any CPU
		{FD63020C-92D9-4F64-95C8-284D4B2D3DCF}.Debug|Any CPU.Build.0 = Debug|Any CPU
		{FD63020C-92D9-4F64-95C8-284D4B2D3DCF}.Release|Any CPU.ActiveCfg = Release|Any CPU
		{FD63020C-92D9-4F64-95C8-284D4B2D3DCF}.Release|Any CPU.Build.0 = Release|Any CPU
		{C972C93B-78CD-4328-9703-125629FA3BEF}.Debug|Any CPU.ActiveCfg = Debug|Any CPU
		{C972C93B-78CD-4328-9703-125629FA3BEF}.Debug|Any CPU.Build.0 = Debug|Any CPU
		{C972C93B-78CD-4328-9703-125629FA3BEF}.Release|Any CPU.ActiveCfg = Release|Any CPU
		{C972C93B-78CD-4328-9703-125629FA3BEF}.Release|Any CPU.Build.0 = Release|Any CPU
	EndGlobalSection
	GlobalSection(SolutionProperties) = preSolution
		HideSolutionNode = FALSE
	EndGlobalSection
	GlobalSection(ExtensibilityGlobals) = postSolution
		SolutionGuid = {698BC2A6-383D-4256-8F77-7C6A9E1ECBE4}
	EndGlobalSection
EndGlobal
